<Solution>
  <Folder Name="/Task0/">
    <Project Path="Tyuiu.PopovAA.Sprint1.Task0.V5.Lib/Tyuiu.PopovAA.Sprint1.Task0.V5.Lib.csproj" />
    <Project Path="Tyuiu.PopovAA.Sprint1.Task0.V5.Test/Tyuiu.PopovAA.Sprint1.Task0.V5.Test.csproj" />
    <Project Path="Tyuiu.PopovAA.Sprint1.Task0.V5/Tyuiu.PopovAA.Sprint1.Task0.V5.csproj" />
  </Folder>
  <Folder Name="/Task1/">
    <Project Path="Tyuiu.PopovAA.Sprint1.Task1.V18.Lib/Tyuiu.PopovAA.Sprint1.Task1.V18.Lib.csproj" />
    <Project Path="Tyuiu.PopovAA.Sprint1.Task1.V18.Test/Tyuiu.PopovAA.Sprint1.Task1.V18.Test.csproj" />
    <Project Path="Tyuiu.PopovAA.Sprint1.Task1.V18/Tyuiu.PopovAA.Sprint1.Task1.V18.csproj" />
  </Folder>
  <Folder Name="/Task2/">
    <Project Path="Tyuiu.PopovAA.Sprint1.Task2.V27.Lib/Tyuiu.PopovAA.Sprint1.Task2.V27.Lib.csproj" />
    <Project Path="Tyuiu.PopovAA.Sprint1.Task2.V27.Test/Tyuiu.PopovAA.Sprint1.Task2.V27.Test.csproj" />
    <Project Path="Tyuiu.PopovAA.Sprint1.Task2.V27/Tyuiu.PopovAA.Sprint1.Task2.V27.csproj" />
  </Folder>
</Solution>
