<Solution>
  <Folder Name="/Task0/">
    <Project Path="Tyuiu.PopovAA.Sprint1.Task0.V5.Lib/Tyuiu.PopovAA.Sprint1.Task0.V5.Lib.csproj" Id="3b685f69-17b9-43a5-a2f6-71dd5b3f137b" />
    <Project Path="Tyuiu.PopovAA.Sprint1.Task0.V5.Test/Tyuiu.PopovAA.Sprint1.Task0.V5.Test.csproj" Id="d20343d5-1749-424d-bf8e-c98b32632e9c" />
    <Project Path="Tyuiu.PopovAA.Sprint1.Task0.V5/Tyuiu.PopovAA.Sprint1.Task0.V5.csproj" />
  </Folder>
  <Folder Name="/Task1/">
    <Project Path="Tyuiu.PopovAA.Sprint1.Task1.V18.Lib/Tyuiu.PopovAA.Sprint1.Task1.V18.Lib.csproj" />
    <Project Path="Tyuiu.PopovAA.Sprint1.Task1.V18.Test/Tyuiu.PopovAA.Sprint1.Task1.V18.Test.csproj" Id="7fce312d-ff48-44e5-a273-9056e9e1e0bb" />
    <Project Path="Tyuiu.PopovAA.Sprint1.Task1.V18/Tyuiu.PopovAA.Sprint1.Task1.V18.csproj" />
  </Folder>
  <Folder Name="/Task2/">
    <Project Path="Tyuiu.PopovAA.Sprint1.Task2.V27.Lib/Tyuiu.PopovAA.Sprint1.Task2.V27.Lib.csproj" />
    <Project Path="Tyuiu.PopovAA.Sprint1.Task2.V27.Test/Tyuiu.PopovAA.Sprint1.Task2.V27.Test.csproj" />
    <Project Path="Tyuiu.PopovAA.Sprint1.Task2.V27/Tyuiu.PopovAA.Sprint1.Task2.V27.csproj" />
  </Folder>
  <Folder Name="/Task3/">
    <Project Path="Tyuiu.PopovAA.Sprint1.Task3.V6.Lib/Tyuiu.PopovAA.Sprint1.Task3.V6.Lib.csproj" />
    <Project Path="Tyuiu.PopovAA.Sprint1.Task3.V6.Test/Tyuiu.PopovAA.Sprint1.Task3.V6.Test.csproj" />
    <Project Path="Tyuiu.PopovAA.Sprint1.Task3.V6/Tyuiu.PopovAA.Sprint1.Task3.V6.csproj" />
  </Folder>
  <Folder Name="/Task4/">
    <Project Path="Tyuiu.PopovAA.Sprint1.Task4.V6.Lib/Tyuiu.PopovAA.Sprint1.Task4.V6.Lib.csproj" />
    <Project Path="Tyuiu.PopovAA.Sprint1.Task4.V6.Test/Tyuiu.PopovAA.Sprint1.Task4.V6.Test.csproj" />
    <Project Path="Tyuiu.PopovAA.Sprint1.Task4.V6/Tyuiu.PopovAA.Sprint1.Task4.V6.csproj" />
  </Folder>
  <Folder Name="/Task5/">
    <Project Path="Tyuiu.PopovAA.Sprint1.Task5.V5.Lib/Tyuiu.PopovAA.Sprint1.Task5.V5.Lib.csproj" />
    <Project Path="Tyuiu.PopovAA.Sprint1.Task5.V5.Test/Tyuiu.PopovAA.Sprint1.Task5.V5.Test.csproj" />
    <Project Path="Tyuiu.PopovAA.Sprint1.Task5.V5/Tyuiu.PopovAA.Sprint1.Task5.V5.csproj" />
  </Folder>
  <Folder Name="/Task6/">
    <Project Path="Tyuiu.PopovAA.Sprint1.Task6.V3.Lib/Tyuiu.PopovAA.Sprint1.Task6.V3.Lib.csproj" />
    <Project Path="Tyuiu.PopovAA.Sprint1.Task6.V3.Test/Tyuiu.PopovAA.Sprint1.Task6.V3.Test.csproj" />
    <Project Path="Tyuiu.PopovAA.Sprint1.Task6.V3/Tyuiu.PopovAA.Sprint1.Task6.V3.csproj" />
  </Folder>
  <Folder Name="/Task7/">
    <Project Path="Tyuiu.PopovAA.Sprint1.Task7.V18.Lib/Tyuiu.PopovAA.Sprint1.Task7.V18.Lib.csproj" />
    <Project Path="Tyuiu.PopovAA.Sprint1.Task7.V18.Test/Tyuiu.PopovAA.Sprint1.Task7.V18.Test.csproj" />
    <Project Path="Tyuiu.PopovAA.Sprint1.Task7.V18/Tyuiu.PopovAA.Sprint1.Task7.V18.csproj" />
  </Folder>
</Solution>
